
Microsoft Visual Studio Solution File, Format Version 12.00
# Visual Studio Version 16
VisualStudioVersion = 16.0.30517.126
MinimumVisualStudioVersion = 10.0.40219.1
Project("{9A19103F-16F7-4668-BE54-9A1E7A4F7556}") = "WeatherAPI", "WeatherAPI\WeatherAPI.csproj", "{3612C932-2EF0-4DB9-868B-BE0053625B7C}"
	ProjectSection(ProjectDependencies) = postProject
		{9E045363-DFD2-4EB7-9354-78D817CA0A59} = {9E045363-DFD2-4EB7-9354-78D817CA0A59}
		{E55D7CF7-4C3E-41D6-9EE0-3AEDC795CAAD} = {E55D7CF7-4C3E-41D6-9EE0-3AEDC795CAAD}
	EndProjectSection
EndProject
Project("{9A19103F-16F7-4668-BE54-9A1E7A4F7556}") = "ApiClients", "ApiClients\ApiClients.csproj", "{9E045363-DFD2-4EB7-9354-78D817CA0A59}"
	ProjectSection(ProjectDependencies) = postProject
		{2754AA30-A4AA-4B37-82D2-850BE40D2EE2} = {2754AA30-A4AA-4B37-82D2-850BE40D2EE2}
		{A4A9D1CA-F881-447F-A4CB-85DC3B619CCB} = {A4A9D1CA-F881-447F-A4CB-85DC3B619CCB}
	EndProjectSection
EndProject
Project("{9A19103F-16F7-4668-BE54-9A1E7A4F7556}") = "TaskController", "TaskController\TaskController.csproj", "{E55D7CF7-4C3E-41D6-9EE0-3AEDC795CAAD}"
EndProject
Project("{9A19103F-16F7-4668-BE54-9A1E7A4F7556}") = "Deploy", "Deploy\Deploy.csproj", "{9B5D75D4-D767-4BE0-97F1-0D09941A1235}"
EndProject
Project("{9A19103F-16F7-4668-BE54-9A1E7A4F7556}") = "Repository", "DatabaseClient\IRepository\Repository.csproj", "{77004EF5-0681-4C27-B5B8-7C811EC291EC}"
EndProject
Project("{9A19103F-16F7-4668-BE54-9A1E7A4F7556}") = "DatabaseClient", "DatabaseClient\DatabaseClient\DatabaseClient.csproj", "{A4A9D1CA-F881-447F-A4CB-85DC3B619CCB}"
EndProject
Project("{9A19103F-16F7-4668-BE54-9A1E7A4F7556}") = "Credentials", "DatabaseClient\Credentials\Credentials\Credentials.csproj", "{2754AA30-A4AA-4B37-82D2-850BE40D2EE2}"
EndProject
Project("{9A19103F-16F7-4668-BE54-9A1E7A4F7556}") = "RabbitChat", "RabbitChat\RabbitChat\RabbitChat.csproj", "{9D7B422F-3D5C-40DB-A9B9-B1595DE44BD7}"
EndProject
Global
	GlobalSection(SolutionConfigurationPlatforms) = preSolution
		Debug|Any CPU = Debug|Any CPU
		Release|Any CPU = Release|Any CPU
	EndGlobalSection
	GlobalSection(ProjectConfigurationPlatforms) = postSolution
		{3612C932-2EF0-4DB9-868B-BE0053625B7C}.Debug|Any CPU.ActiveCfg = Debug|Any CPU
		{3612C932-2EF0-4DB9-868B-BE0053625B7C}.Debug|Any CPU.Build.0 = Debug|Any CPU
		{3612C932-2EF0-4DB9-868B-BE0053625B7C}.Release|Any CPU.ActiveCfg = Release|Any CPU
		{3612C932-2EF0-4DB9-868B-BE0053625B7C}.Release|Any CPU.Build.0 = Release|Any CPU
		{9E045363-DFD2-4EB7-9354-78D817CA0A59}.Debug|Any CPU.ActiveCfg = Debug|Any CPU
		{9E045363-DFD2-4EB7-9354-78D817CA0A59}.Debug|Any CPU.Build.0 = Debug|Any CPU
		{9E045363-DFD2-4EB7-9354-78D817CA0A59}.Release|Any CPU.ActiveCfg = Release|Any CPU
		{9E045363-DFD2-4EB7-9354-78D817CA0A59}.Release|Any CPU.Build.0 = Release|Any CPU
		{E55D7CF7-4C3E-41D6-9EE0-3AEDC795CAAD}.Debug|Any CPU.ActiveCfg = Debug|Any CPU
		{E55D7CF7-4C3E-41D6-9EE0-3AEDC795CAAD}.Debug|Any CPU.Build.0 = Debug|Any CPU
		{E55D7CF7-4C3E-41D6-9EE0-3AEDC795CAAD}.Release|Any CPU.ActiveCfg = Release|Any CPU
		{E55D7CF7-4C3E-41D6-9EE0-3AEDC795CAAD}.Release|Any CPU.Build.0 = Release|Any CPU
		{9B5D75D4-D767-4BE0-97F1-0D09941A1235}.Debug|Any CPU.ActiveCfg = Debug|Any CPU
		{9B5D75D4-D767-4BE0-97F1-0D09941A1235}.Debug|Any CPU.Build.0 = Debug|Any CPU
		{9B5D75D4-D767-4BE0-97F1-0D09941A1235}.Release|Any CPU.ActiveCfg = Release|Any CPU
		{9B5D75D4-D767-4BE0-97F1-0D09941A1235}.Release|Any CPU.Build.0 = Release|Any CPU
		{77004EF5-0681-4C27-B5B8-7C811EC291EC}.Debug|Any CPU.ActiveCfg = Debug|Any CPU
		{77004EF5-0681-4C27-B5B8-7C811EC291EC}.Debug|Any CPU.Build.0 = Debug|Any CPU
		{77004EF5-0681-4C27-B5B8-7C811EC291EC}.Release|Any CPU.ActiveCfg = Release|Any CPU
		{77004EF5-0681-4C27-B5B8-7C811EC291EC}.Release|Any CPU.Build.0 = Release|Any CPU
		{A4A9D1CA-F881-447F-A4CB-85DC3B619CCB}.Debug|Any CPU.ActiveCfg = Debug|Any CPU
		{A4A9D1CA-F881-447F-A4CB-85DC3B619CCB}.Debug|Any CPU.Build.0 = Debug|Any CPU
		{A4A9D1CA-F881-447F-A4CB-85DC3B619CCB}.Release|Any CPU.ActiveCfg = Release|Any CPU
		{A4A9D1CA-F881-447F-A4CB-85DC3B619CCB}.Release|Any CPU.Build.0 = Release|Any CPU
		{2754AA30-A4AA-4B37-82D2-850BE40D2EE2}.Debug|Any CPU.ActiveCfg = Debug|Any CPU
		{2754AA30-A4AA-4B37-82D2-850BE40D2EE2}.Debug|Any CPU.Build.0 = Debug|Any CPU
		{2754AA30-A4AA-4B37-82D2-850BE40D2EE2}.Release|Any CPU.ActiveCfg = Release|Any CPU
		{2754AA30-A4AA-4B37-82D2-850BE40D2EE2}.Release|Any CPU.Build.0 = Release|Any CPU
		{9D7B422F-3D5C-40DB-A9B9-B1595DE44BD7}.Debug|Any CPU.ActiveCfg = Debug|Any CPU
		{9D7B422F-3D5C-40DB-A9B9-B1595DE44BD7}.Debug|Any CPU.Build.0 = Debug|Any CPU
		{9D7B422F-3D5C-40DB-A9B9-B1595DE44BD7}.Release|Any CPU.ActiveCfg = Release|Any CPU
		{9D7B422F-3D5C-40DB-A9B9-B1595DE44BD7}.Release|Any CPU.Build.0 = Release|Any CPU
	EndGlobalSection
	GlobalSection(SolutionProperties) = preSolution
		HideSolutionNode = FALSE
	EndGlobalSection
	GlobalSection(ExtensibilityGlobals) = postSolution
		SolutionGuid = {9276643A-9DB3-461F-85FE-2B05499973BB}
	EndGlobalSection
EndGlobal
